// !$*UTF8*$!
{
	archiveVersion = 1;
	classes = {
	};
	objectVersion = 48;
	objects = {

/* Begin PBXBuildFile section */
		ADAC8EC1200149F60094106B /* AppDelegate.swift in Sources */ = {isa = PBXBuildFile; fileRef = ADAC8EC0200149F60094106B /* AppDelegate.swift */; };
		ADAC8EC3200149F60094106B /* QuizViewController.swift in Sources */ = {isa = PBXBuildFile; fileRef = ADAC8EC2200149F60094106B /* QuizViewController.swift */; };
		ADAC8EC6200149F60094106B /* Main.storyboard in Resources */ = {isa = PBXBuildFile; fileRef = ADAC8EC4200149F60094106B /* Main.storyboard */; settings = {ASSET_TAGS = (0, ); }; };
		ADAC8EC8200149F60094106B /* Assets.xcassets in Resources */ = {isa = PBXBuildFile; fileRef = ADAC8EC7200149F60094106B /* Assets.xcassets */; };
		ADAC8ECB200149F60094106B /* LaunchScreen.storyboard in Resources */ = {isa = PBXBuildFile; fileRef = ADAC8EC9200149F60094106B /* LaunchScreen.storyboard */; };
		ADAC8ED320014DF40094106B /* Answer.swift in Sources */ = {isa = PBXBuildFile; fileRef = ADAC8ED220014DF40094106B /* Answer.swift */; };
		ADAC8ED520014ED80094106B /* Question.swift in Sources */ = {isa = PBXBuildFile; fileRef = ADAC8ED420014ED80094106B /* Question.swift */; };
		ADAC8ED7200153250094106B /* Quiz.swift in Sources */ = {isa = PBXBuildFile; fileRef = ADAC8ED6200153250094106B /* Quiz.swift */; };
/* End PBXBuildFile section */

/* Begin PBXFileReference section */
		ADAC8EBD200149F60094106B /* Quiz.app */ = {isa = PBXFileReference; explicitFileType = wrapper.application; includeInIndex = 0; path = Quiz.app; sourceTree = BUILT_PRODUCTS_DIR; };
		ADAC8EC0200149F60094106B /* AppDelegate.swift */ = {isa = PBXFileReference; lastKnownFileType = sourcecode.swift; path = AppDelegate.swift; sourceTree = "<group>"; };
		ADAC8EC2200149F60094106B /* QuizViewController.swift */ = {isa = PBXFileReference; lastKnownFileType = sourcecode.swift; path = QuizViewController.swift; sourceTree = "<group>"; };
		ADAC8EC5200149F60094106B /* Base */ = {isa = PBXFileReference; lastKnownFileType = file.storyboard; name = Base; path = Base.lproj/Main.storyboard; sourceTree = "<group>"; };
		ADAC8EC7200149F60094106B /* Assets.xcassets */ = {isa = PBXFileReference; lastKnownFileType = folder.assetcatalog; path = Assets.xcassets; sourceTree = "<group>"; };
		ADAC8ECA200149F60094106B /* Base */ = {isa = PBXFileReference; lastKnownFileType = file.storyboard; name = Base; path = Base.lproj/LaunchScreen.storyboard; sourceTree = "<group>"; };
		ADAC8ECC200149F60094106B /* Info.plist */ = {isa = PBXFileReference; lastKnownFileType = text.plist.xml; path = Info.plist; sourceTree = "<group>"; };
		ADAC8ED220014DF40094106B /* Answer.swift */ = {isa = PBXFileReference; lastKnownFileType = sourcecode.swift; path = Answer.swift; sourceTree = "<group>"; };
		ADAC8ED420014ED80094106B /* Question.swift */ = {isa = PBXFileReference; lastKnownFileType = sourcecode.swift; path = Question.swift; sourceTree = "<group>"; };
		ADAC8ED6200153250094106B /* Quiz.swift */ = {isa = PBXFileReference; lastKnownFileType = sourcecode.swift; path = Quiz.swift; sourceTree = "<group>"; };
/* End PBXFileReference section */

/* Begin PBXFrameworksBuildPhase section */
		ADAC8EBA200149F60094106B /* Frameworks */ = {
			isa = PBXFrameworksBuildPhase;
			buildActionMask = 2147483647;
			files = (
			);
			runOnlyForDeploymentPostprocessing = 0;
		};
/* End PBXFrameworksBuildPhase section */

/* Begin PBXGroup section */
		ADAC8EB4200149F60094106B = {
			isa = PBXGroup;
			children = (
				ADAC8EBF200149F60094106B /* Quiz */,
				ADAC8EBE200149F60094106B /* Products */,
			);
			sourceTree = "<group>";
		};
		ADAC8EBE200149F60094106B /* Products */ = {
			isa = PBXGroup;
			children = (
				ADAC8EBD200149F60094106B /* Quiz.app */,
			);
			name = Products;
			sourceTree = "<group>";
		};
		ADAC8EBF200149F60094106B /* Quiz */ = {
			isa = PBXGroup;
			children = (
				ADAC8ED220014DF40094106B /* Answer.swift */,
				ADAC8ED420014ED80094106B /* Question.swift */,
				ADAC8ED6200153250094106B /* Quiz.swift */,
				ADAC8EC0200149F60094106B /* AppDelegate.swift */,
				ADAC8EC2200149F60094106B /* QuizViewController.swift */,
				ADAC8EC4200149F60094106B /* Main.storyboard */,
				ADAC8EC7200149F60094106B /* Assets.xcassets */,
				ADAC8EC9200149F60094106B /* LaunchScreen.storyboard */,
				ADAC8ECC200149F60094106B /* Info.plist */,
			);
			path = Quiz;
			sourceTree = "<group>";
		};
/* End PBXGroup section */

/* Begin PBXNativeTarget section */
		ADAC8EBC200149F60094106B /* Quiz */ = {
			isa = PBXNativeTarget;
			buildConfigurationList = ADAC8ECF200149F60094106B /* Build configuration list for PBXNativeTarget "Quiz" */;
			buildPhases = (
				ADAC8EB9200149F60094106B /* Sources */,
				ADAC8EBA200149F60094106B /* Frameworks */,
				ADAC8EBB200149F60094106B /* Resources */,
			);
			buildRules = (
			);
			dependencies = (
			);
			name = Quiz;
			productName = Quiz;
			productReference = ADAC8EBD200149F60094106B /* Quiz.app */;
			productType = "com.apple.product-type.application";
		};
/* End PBXNativeTarget section */

/* Begin PBXProject section */
		ADAC8EB5200149F60094106B /* Project object */ = {
			isa = PBXProject;
			attributes = {
				KnownAssetTags = (
					0,
					1,
					2,
					3,
				);
				LastSwiftUpdateCheck = 0920;
				LastUpgradeCheck = 0920;
				ORGANIZATIONNAME = "Nick Inc";
				TargetAttributes = {
					ADAC8EBC200149F60094106B = {
						CreatedOnToolsVersion = 9.2;
						ProvisioningStyle = Automatic;
					};
				};
			};
			buildConfigurationList = ADAC8EB8200149F60094106B /* Build configuration list for PBXProject "Quiz" */;
			compatibilityVersion = "Xcode 8.0";
			developmentRegion = en;
			hasScannedForEncodings = 0;
			knownRegions = (
				en,
				Base,
			);
			mainGroup = ADAC8EB4200149F60094106B;
			productRefGroup = ADAC8EBE200149F60094106B /* Products */;
			projectDirPath = "";
			projectRoot = "";
			targets = (
				ADAC8EBC200149F60094106B /* Quiz */,
			);
		};
/* End PBXProject section */

/* Begin PBXResourcesBuildPhase section */
		ADAC8EBB200149F60094106B /* Resources */ = {
			isa = PBXResourcesBuildPhase;
			buildActionMask = 2147483647;
			files = (
				ADAC8ECB200149F60094106B /* LaunchScreen.storyboard in Resources */,
				ADAC8EC8200149F60094106B /* Assets.xcassets in Resources */,
				ADAC8EC6200149F60094106B /* Main.storyboard in Resources */,
			);
			runOnlyForDeploymentPostprocessing = 0;
		};
/* End PBXResourcesBuildPhase section */

/* Begin PBXSourcesBuildPhase section */
		ADAC8EB9200149F60094106B /* Sources */ = {
			isa = PBXSourcesBuildPhase;
			buildActionMask = 2147483647;
			files = (
				ADAC8ED320014DF40094106B /* Answer.swift in Sources */,
				ADAC8ED7200153250094106B /* Quiz.swift in Sources */,
				ADAC8ED520014ED80094106B /* Question.swift in Sources */,
				ADAC8EC3200149F60094106B /* QuizViewController.swift in Sources */,
				ADAC8EC1200149F60094106B /* AppDelegate.swift in Sources */,
			);
			runOnlyForDeploymentPostprocessing = 0;
		};
/* End PBXSourcesBuildPhase section */

/* Begin PBXVariantGroup section */
		ADAC8EC4200149F60094106B /* Main.storyboard */ = {
			isa = PBXVariantGroup;
			children = (
				ADAC8EC5200149F60094106B /* Base */,
			);
			name = Main.storyboard;
			sourceTree = "<group>";
		};
		ADAC8EC9200149F60094106B /* LaunchScreen.storyboard */ = {
			isa = PBXVariantGroup;
			children = (
				ADAC8ECA200149F60094106B /* Base */,
			);
			name = LaunchScreen.storyboard;
			sourceTree = "<group>";
		};
/* End PBXVariantGroup section */

/* Begin XCBuildConfiguration section */
		ADAC8ECD200149F60094106B /* Debug */ = {
			isa = XCBuildConfiguration;
			buildSettings = {
				ALWAYS_SEARCH_USER_PATHS = NO;
				CLANG_ANALYZER_NONNULL = YES;
				CLANG_ANALYZER_NUMBER_OBJECT_CONVERSION = YES_AGGRESSIVE;
				CLANG_CXX_LANGUAGE_STANDARD = "gnu++14";
				CLANG_CXX_LIBRARY = "libc++";
				CLANG_ENABLE_MODULES = YES;
				CLANG_ENABLE_OBJC_ARC = YES;
				CLANG_WARN_BLOCK_CAPTURE_AUTORELEASING = YES;
				CLANG_WARN_BOOL_CONVERSION = YES;
				CLANG_WARN_COMMA = YES;
				CLANG_WARN_CONSTANT_CONVERSION = YES;
				CLANG_WARN_DIRECT_OBJC_ISA_USAGE = YES_ERROR;
				CLANG_WARN_DOCUMENTATION_COMMENTS = YES;
				CLANG_WARN_EMPTY_BODY = YES;
				CLANG_WARN_ENUM_CONVERSION = YES;
				CLANG_WARN_INFINITE_RECURSION = YES;
				CLANG_WARN_INT_CONVERSION = YES;
				CLANG_WARN_NON_LITERAL_NULL_CONVERSION = YES;
				CLANG_WARN_OBJC_LITERAL_CONVERSION = YES;
				CLANG_WARN_OBJC_ROOT_CLASS = YES_ERROR;
				CLANG_WARN_RANGE_LOOP_ANALYSIS = YES;
				CLANG_WARN_STRICT_PROTOTYPES = YES;
				CLANG_WARN_SUSPICIOUS_MOVE = YES;
				CLANG_WARN_UNGUARDED_AVAILABILITY = YES_AGGRESSIVE;
				CLANG_WARN_UNREACHABLE_CODE = YES;
				CLANG_WARN__DUPLICATE_METHOD_MATCH = YES;
				CODE_SIGN_IDENTITY = "iPhone Developer";
				COPY_PHASE_STRIP = NO;
				DEBUG_INFORMATION_FORMAT = dwarf;
				ENABLE_STRICT_OBJC_MSGSEND = YES;
				ENABLE_TESTABILITY = YES;
				GCC_C_LANGUAGE_STANDARD = gnu11;
				GCC_DYNAMIC_NO_PIC = NO;
				GCC_NO_COMMON_BLOCKS = YES;
				GCC_OPTIMIZATION_LEVEL = 0;
				GCC_PREPROCESSOR_DEFINITIONS = (
					"DEBUG=1",
					"$(inherited)",
				);
				GCC_WARN_64_TO_32_BIT_CONVERSION = YES;
				GCC_WARN_ABOUT_RETURN_TYPE = YES_ERROR;
				GCC_WARN_UNDECLARED_SELECTOR = YES;
				GCC_WARN_UNINITIALIZED_AUTOS = YES_AGGRESSIVE;
				GCC_WARN_UNUSED_FUNCTION = YES;
				GCC_WARN_UNUSED_VARIABLE = YES;
				IPHONEOS_DEPLOYMENT_TARGET = 11.2;
				MTL_ENABLE_DEBUG_INFO = YES;
				ONLY_ACTIVE_ARCH = YES;
				SDKROOT = iphoneos;
				SWIFT_ACTIVE_COMPILATION_CONDITIONS = DEBUG;
				SWIFT_OPTIMIZATION_LEVEL = "-Onone";
			};
			name = Debug;
		};
		ADAC8ECE200149F60094106B /* Release */ = {
			isa = XCBuildConfiguration;
			buildSettings = {
				ALWAYS_SEARCH_USER_PATHS = NO;
				CLANG_ANALYZER_NONNULL = YES;
				CLANG_ANALYZER_NUMBER_OBJECT_CONVERSION = YES_AGGRESSIVE;
				CLANG_CXX_LANGUAGE_STANDARD = "gnu++14";
				CLANG_CXX_LIBRARY = "libc++";
				CLANG_ENABLE_MODULES = YES;
				CLANG_ENABLE_OBJC_ARC = YES;
				CLANG_WARN_BLOCK_CAPTURE_AUTORELEASING = YES;
				CLANG_WARN_BOOL_CONVERSION = YES;
				CLANG_WARN_COMMA = YES;
				CLANG_WARN_CONSTANT_CONVERSION = YES;
				CLANG_WARN_DIRECT_OBJC_ISA_USAGE = YES_ERROR;
				CLANG_WARN_DOCUMENTATION_COMMENTS = YES;
				CLANG_WARN_EMPTY_BODY = YES;
				CLANG_WARN_ENUM_CONVERSION = YES;
				CLANG_WARN_INFINITE_RECURSION = YES;
				CLANG_WARN_INT_CONVERSION = YES;
				CLANG_WARN_NON_LITERAL_NULL_CONVERSION = YES;
				CLANG_WARN_OBJC_LITERAL_CONVERSION = YES;
				CLANG_WARN_OBJC_ROOT_CLASS = YES_ERROR;
				CLANG_WARN_RANGE_LOOP_ANALYSIS = YES;
				CLANG_WARN_STRICT_PROTOTYPES = YES;
				CLANG_WARN_SUSPICIOUS_MOVE = YES;
				CLANG_WARN_UNGUARDED_AVAILABILITY = YES_AGGRESSIVE;
				CLANG_WARN_UNREACHABLE_CODE = YES;
				CLANG_WARN__DUPLICATE_METHOD_MATCH = YES;
				CODE_SIGN_IDENTITY = "iPhone Developer";
				COPY_PHASE_STRIP = NO;
				DEBUG_INFORMATION_FORMAT = "dwarf-with-dsym";
				ENABLE_NS_ASSERTIONS = NO;
				ENABLE_STRICT_OBJC_MSGSEND = YES;
				GCC_C_LANGUAGE_STANDARD = gnu11;
				GCC_NO_COMMON_BLOCKS = YES;
				GCC_WARN_64_TO_32_BIT_CONVERSION = YES;
				GCC_WARN_ABOUT_RETURN_TYPE = YES_ERROR;
				GCC_WARN_UNDECLARED_SELECTOR = YES;
				GCC_WARN_UNINITIALIZED_AUTOS = YES_AGGRESSIVE;
				GCC_WARN_UNUSED_FUNCTION = YES;
				GCC_WARN_UNUSED_VARIABLE = YES;
				IPHONEOS_DEPLOYMENT_TARGET = 11.2;
				MTL_ENABLE_DEBUG_INFO = NO;
				SDKROOT = iphoneos;
				SWIFT_OPTIMIZATION_LEVEL = "-Owholemodule";
				VALIDATE_PRODUCT = YES;
			};
			name = Release;
		};
		ADAC8ED0200149F60094106B /* Debug */ = {
			isa = XCBuildConfiguration;
			buildSettings = {
				ASSETCATALOG_COMPILER_APPICON_NAME = AppIcon;
				CODE_SIGN_STYLE = Automatic;
				DEVELOPMENT_TEAM = MYP4XQG323;
				INFOPLIST_FILE = Quiz/Info.plist;
				LD_RUNPATH_SEARCH_PATHS = "$(inherited) @executable_path/Frameworks";
				PRODUCT_BUNDLE_IDENTIFIER = edu.self.NickQuiz;
				PRODUCT_NAME = "$(TARGET_NAME)";
				SWIFT_VERSION = 4.0;
				TARGETED_DEVICE_FAMILY = "1,2";
			};
			name = Debug;
		};
		ADAC8ED1200149F60094106B /* Release */ = {
			isa = XCBuildConfiguration;
			buildSettings = {
				ASSETCATALOG_COMPILER_APPICON_NAME = AppIcon;
				CODE_SIGN_STYLE = Automatic;
				DEVELOPMENT_TEAM = MYP4XQG323;
				INFOPLIST_FILE = Quiz/Info.plist;
				LD_RUNPATH_SEARCH_PATHS = "$(inherited) @executable_path/Frameworks";
				PRODUCT_BUNDLE_IDENTIFIER = edu.self.NickQuiz;
				PRODUCT_NAME = "$(TARGET_NAME)";
				SWIFT_VERSION = 4.0;
				TARGETED_DEVICE_FAMILY = "1,2";
			};
			name = Release;
		};
/* End XCBuildConfiguration section */

/* Begin XCConfigurationList section */
		ADAC8EB8200149F60094106B /* Build configuration list for PBXProject "Quiz" */ = {
			isa = XCConfigurationList;
			buildConfigurations = (
				ADAC8ECD200149F60094106B /* Debug */,
				ADAC8ECE200149F60094106B /* Release */,
			);
			defaultConfigurationIsVisible = 0;
			defaultConfigurationName = Release;
		};
		ADAC8ECF200149F60094106B /* Build configuration list for PBXNativeTarget "Quiz" */ = {
			isa = XCConfigurationList;
			buildConfigurations = (
				ADAC8ED0200149F60094106B /* Debug */,
				ADAC8ED1200149F60094106B /* Release */,
			);
			defaultConfigurationIsVisible = 0;
			defaultConfigurationName = Release;
		};
/* End XCConfigurationList section */
	};
	rootObject = ADAC8EB5200149F60094106B /* Project object */;
}
